
Microsoft Visual Studio Solution File, Format Version 12.00
# Visual Studio Version 17
VisualStudioVersion = 17.7.34031.279
MinimumVisualStudioVersion = 10.0.40219.1
Project("{8BC9CEB8-8B4A-11D0-8D11-00A0C91BC942}") = "CryptoLibs", "CryptoLibs\CryptoLibs.vcxproj", "{CBEA7661-59E3-4694-BB66-D09E31993DD2}"
EndProject
Global
	GlobalSection(SolutionConfigurationPlatforms) = preSolution
		Debug|x64 = Debug|x64
		Debug|x86 = Debug|x86
		Release|x64 = Release|x64
		Release|x86 = Release|x86
	EndGlobalSection
	GlobalSection(ProjectConfigurationPlatforms) = postSolution
		{CBEA7661-59E3-4694-BB66-D09E31993DD2}.Debug|x64.ActiveCfg = Debug|x64
		{CBEA7661-59E3-4694-BB66-D09E31993DD2}.Debug|x64.Build.0 = Debug|x64
		{CBEA7661-59E3-4694-BB66-D09E31993DD2}.Debug|x86.ActiveCfg = Debug|Win32
		{CBEA7661-59E3-4694-BB66-D09E31993DD2}.Debug|x86.Build.0 = Debug|Win32
		{CBEA7661-59E3-4694-BB66-D09E31993DD2}.Release|x64.ActiveCfg = Release|x64
		{CBEA7661-59E3-4694-BB66-D09E31993DD2}.Release|x64.Build.0 = Release|x64
		{CBEA7661-59E3-4694-BB66-D09E31993DD2}.Release|x86.ActiveCfg = Release|Win32
		{CBEA7661-59E3-4694-BB66-D09E31993DD2}.Release|x86.Build.0 = Release|Win32
	EndGlobalSection
	GlobalSection(SolutionProperties) = preSolution
		HideSolutionNode = FALSE
	EndGlobalSection
	GlobalSection(ExtensibilityGlobals) = postSolution
		SolutionGuid = {D5DBED9F-48D5-40C1-8E97-BF8F82285796}
	EndGlobalSection
EndGlobal
